
Microsoft Visual Studio Solution File, Format Version 12.00
# Visual Studio Version 17
VisualStudioVersion = 17.3.32825.248
MinimumVisualStudioVersion = 10.0.40219.1
Project("{FAE04EC0-301F-11D3-BF4B-00C04F79EFBC}") = "AuthorizationApp", "AuthorizationApp\AuthorizationApp.csproj", "{20C5A46E-00A6-497D-8CE8-7BBB81B37ABE}"
EndProject
Global
	GlobalSection(SolutionConfigurationPlatforms) = preSolution
		Debug|Any CPU = Debug|Any CPU
		Release|Any CPU = Release|Any CPU
	EndGlobalSection
	GlobalSection(ProjectConfigurationPlatforms) = postSolution
		{20C5A46E-00A6-497D-8CE8-7BBB81B37ABE}.Debug|Any CPU.ActiveCfg = Debug|Any CPU
		{20C5A46E-00A6-497D-8CE8-7BBB81B37ABE}.Debug|Any CPU.Build.0 = Debug|Any CPU
		{20C5A46E-00A6-497D-8CE8-7BBB81B37ABE}.Release|Any CPU.ActiveCfg = Release|Any CPU
		{20C5A46E-00A6-497D-8CE8-7BBB81B37ABE}.Release|Any CPU.Build.0 = Release|Any CPU
	EndGlobalSection
	GlobalSection(SolutionProperties) = preSolution
		HideSolutionNode = FALSE
	EndGlobalSection
	GlobalSection(ExtensibilityGlobals) = postSolution
		SolutionGuid = {2C074A9E-A01F-4AE3-989B-B1EB987A7F35}
	EndGlobalSection
EndGlobal
